
Microsoft Visual Studio Solution File, Format Version 12.00
# Visual Studio 2013
VisualStudioVersion = 12.0.21005.1
MinimumVisualStudioVersion = 10.0.40219.1
Project("{FAE04EC0-301F-11D3-BF4B-00C04F79EFBC}") = "MoveVideos", "MoveVideos\MoveVideos.csproj", "{373111F6-B300-494A-8A84-193A927D308F}"
EndProject
Project("{FAE04EC0-301F-11D3-BF4B-00C04F79EFBC}") = "PublicProcedure", "PublicProcedure\PublicProcedure.csproj", "{5F73382B-CA3B-40B0-9F03-79DFE750D942}"
EndProject
Project("{FAE04EC0-301F-11D3-BF4B-00C04F79EFBC}") = "WinServerLookDog", "WinServerLookDog\WinServerLookDog.csproj", "{8AD67CB7-A0E2-453F-834F-F0E0A9154C6B}"
EndProject
Project("{FAE04EC0-301F-11D3-BF4B-00C04F79EFBC}") = "ServerFilesManage", "ServerFilesManage\ServerFilesManage.csproj", "{C4E2C0C1-4723-4FDA-9058-E30633DB2ECD}"
EndProject
Project("{FAE04EC0-301F-11D3-BF4B-00C04F79EFBC}") = "MoveVideosService", "MoveVideosService\MoveVideosService.csproj", "{F1F56908-1F3F-4875-A521-2E4C6E3576CD}"
EndProject
Project("{2150E333-8FDC-42A3-9474-1A3956D46DE8}") = "视频转移处理服务", "视频转移处理服务", "{9B6A6E2A-59CA-4CF9-86ED-9447D5ED3D58}"
EndProject
Project("{2150E333-8FDC-42A3-9474-1A3956D46DE8}") = "publicDLLs", "publicDLLs", "{D1AB1ABC-3B2D-4242-9571-733F6C20CA43}"
EndProject
Project("{FAE04EC0-301F-11D3-BF4B-00C04F79EFBC}") = "Framework.Utility", "Framework.Utility\Framework.Utility.csproj", "{E136D17A-94E1-4346-A776-F1F8F84847A4}"
EndProject
Project("{FAE04EC0-301F-11D3-BF4B-00C04F79EFBC}") = "dllTest", "dllTest\dllTest.csproj", "{859D3EB4-67AF-4610-98D0-862F5831CCE5}"
EndProject
Project("{2150E333-8FDC-42A3-9474-1A3956D46DE8}") = "OAManager", "OAManager", "{183400FB-60A0-4EAE-A3EC-06E02E9D9D3C}"
EndProject
Project("{FAE04EC0-301F-11D3-BF4B-00C04F79EFBC}") = "winserverOaManager", "winserverOaManager\winserverOaManager.csproj", "{D2114CE8-9C0E-4D77-9D68-C2C7A254E79E}"
EndProject
Global
	GlobalSection(SolutionConfigurationPlatforms) = preSolution
		Debug|Any CPU = Debug|Any CPU
		Release|Any CPU = Release|Any CPU
	EndGlobalSection
	GlobalSection(ProjectConfigurationPlatforms) = postSolution
		{373111F6-B300-494A-8A84-193A927D308F}.Debug|Any CPU.ActiveCfg = Debug|Any CPU
		{373111F6-B300-494A-8A84-193A927D308F}.Debug|Any CPU.Build.0 = Debug|Any CPU
		{373111F6-B300-494A-8A84-193A927D308F}.Release|Any CPU.ActiveCfg = Release|Any CPU
		{373111F6-B300-494A-8A84-193A927D308F}.Release|Any CPU.Build.0 = Release|Any CPU
		{5F73382B-CA3B-40B0-9F03-79DFE750D942}.Debug|Any CPU.ActiveCfg = Debug|Any CPU
		{5F73382B-CA3B-40B0-9F03-79DFE750D942}.Debug|Any CPU.Build.0 = Debug|Any CPU
		{5F73382B-CA3B-40B0-9F03-79DFE750D942}.Release|Any CPU.ActiveCfg = Release|Any CPU
		{5F73382B-CA3B-40B0-9F03-79DFE750D942}.Release|Any CPU.Build.0 = Release|Any CPU
		{8AD67CB7-A0E2-453F-834F-F0E0A9154C6B}.Debug|Any CPU.ActiveCfg = Debug|Any CPU
		{8AD67CB7-A0E2-453F-834F-F0E0A9154C6B}.Debug|Any CPU.Build.0 = Debug|Any CPU
		{8AD67CB7-A0E2-453F-834F-F0E0A9154C6B}.Release|Any CPU.ActiveCfg = Release|Any CPU
		{8AD67CB7-A0E2-453F-834F-F0E0A9154C6B}.Release|Any CPU.Build.0 = Release|Any CPU
		{C4E2C0C1-4723-4FDA-9058-E30633DB2ECD}.Debug|Any CPU.ActiveCfg = Debug|Any CPU
		{C4E2C0C1-4723-4FDA-9058-E30633DB2ECD}.Debug|Any CPU.Build.0 = Debug|Any CPU
		{C4E2C0C1-4723-4FDA-9058-E30633DB2ECD}.Release|Any CPU.ActiveCfg = Release|Any CPU
		{C4E2C0C1-4723-4FDA-9058-E30633DB2ECD}.Release|Any CPU.Build.0 = Release|Any CPU
		{F1F56908-1F3F-4875-A521-2E4C6E3576CD}.Debug|Any CPU.ActiveCfg = Debug|Any CPU
		{F1F56908-1F3F-4875-A521-2E4C6E3576CD}.Debug|Any CPU.Build.0 = Debug|Any CPU
		{F1F56908-1F3F-4875-A521-2E4C6E3576CD}.Release|Any CPU.ActiveCfg = Release|Any CPU
		{F1F56908-1F3F-4875-A521-2E4C6E3576CD}.Release|Any CPU.Build.0 = Release|Any CPU
		{E136D17A-94E1-4346-A776-F1F8F84847A4}.Debug|Any CPU.ActiveCfg = Debug|Any CPU
		{E136D17A-94E1-4346-A776-F1F8F84847A4}.Debug|Any CPU.Build.0 = Debug|Any CPU
		{E136D17A-94E1-4346-A776-F1F8F84847A4}.Release|Any CPU.ActiveCfg = Release|Any CPU
		{E136D17A-94E1-4346-A776-F1F8F84847A4}.Release|Any CPU.Build.0 = Release|Any CPU
		{859D3EB4-67AF-4610-98D0-862F5831CCE5}.Debug|Any CPU.ActiveCfg = Debug|Any CPU
		{859D3EB4-67AF-4610-98D0-862F5831CCE5}.Debug|Any CPU.Build.0 = Debug|Any CPU
		{859D3EB4-67AF-4610-98D0-862F5831CCE5}.Release|Any CPU.ActiveCfg = Release|Any CPU
		{859D3EB4-67AF-4610-98D0-862F5831CCE5}.Release|Any CPU.Build.0 = Release|Any CPU
		{D2114CE8-9C0E-4D77-9D68-C2C7A254E79E}.Debug|Any CPU.ActiveCfg = Debug|Any CPU
		{D2114CE8-9C0E-4D77-9D68-C2C7A254E79E}.Debug|Any CPU.Build.0 = Debug|Any CPU
		{D2114CE8-9C0E-4D77-9D68-C2C7A254E79E}.Release|Any CPU.ActiveCfg = Release|Any CPU
		{D2114CE8-9C0E-4D77-9D68-C2C7A254E79E}.Release|Any CPU.Build.0 = Release|Any CPU
	EndGlobalSection
	GlobalSection(SolutionProperties) = preSolution
		HideSolutionNode = FALSE
	EndGlobalSection
	GlobalSection(NestedProjects) = preSolution
		{5F73382B-CA3B-40B0-9F03-79DFE750D942} = {9B6A6E2A-59CA-4CF9-86ED-9447D5ED3D58}
		{8AD67CB7-A0E2-453F-834F-F0E0A9154C6B} = {9B6A6E2A-59CA-4CF9-86ED-9447D5ED3D58}
		{C4E2C0C1-4723-4FDA-9058-E30633DB2ECD} = {9B6A6E2A-59CA-4CF9-86ED-9447D5ED3D58}
		{F1F56908-1F3F-4875-A521-2E4C6E3576CD} = {9B6A6E2A-59CA-4CF9-86ED-9447D5ED3D58}
		{373111F6-B300-494A-8A84-193A927D308F} = {9B6A6E2A-59CA-4CF9-86ED-9447D5ED3D58}
		{E136D17A-94E1-4346-A776-F1F8F84847A4} = {D1AB1ABC-3B2D-4242-9571-733F6C20CA43}
		{859D3EB4-67AF-4610-98D0-862F5831CCE5} = {D1AB1ABC-3B2D-4242-9571-733F6C20CA43}
		{D2114CE8-9C0E-4D77-9D68-C2C7A254E79E} = {183400FB-60A0-4EAE-A3EC-06E02E9D9D3C}
	EndGlobalSection
EndGlobal
